
Microsoft Visual Studio Solution File, Format Version 11.00
# Visual Studio 2010
Project("{8BC9CEB8-8B4A-11D0-8D11-00A0C91BC942}") = "OpenGL_Basic", "OpenGL_Basic\OpenGL_Basic.vcxproj", "{ED0433D8-03E3-4C94-900B-7D1EE6EAD2B2}"
EndProject
Global
	GlobalSection(SolutionConfigurationPlatforms) = preSolution
		Debug|Win32 = Debug|Win32
		Release|Win32 = Release|Win32
	EndGlobalSection
	GlobalSection(ProjectConfigurationPlatforms) = postSolution
		{ED0433D8-03E3-4C94-900B-7D1EE6EAD2B2}.Debug|Win32.ActiveCfg = Debug|Win32
		{ED0433D8-03E3-4C94-900B-7D1EE6EAD2B2}.Debug|Win32.Build.0 = Debug|Win32
		{ED0433D8-03E3-4C94-900B-7D1EE6EAD2B2}.Release|Win32.ActiveCfg = Release|Win32
		{ED0433D8-03E3-4C94-900B-7D1EE6EAD2B2}.Release|Win32.Build.0 = Release|Win32
	EndGlobalSection
	GlobalSection(SolutionProperties) = preSolution
		HideSolutionNode = FALSE
	EndGlobalSection
EndGlobal
